
Microsoft Visual Studio Solution File, Format Version 12.00
# Visual Studio Version 16
VisualStudioVersion = 16.0.29806.167
MinimumVisualStudioVersion = 10.0.40219.1
Project("{FAE04EC0-301F-11D3-BF4B-00C04F79EFBC}") = "ksiegarniaa", "lab1011\ksiegarniaa.csproj", "{FE84E563-068F-4674-BA8B-E13CA228A9CD}"
EndProject
Global
	GlobalSection(SolutionConfigurationPlatforms) = preSolution
		Debug|Any CPU = Debug|Any CPU
		Release|Any CPU = Release|Any CPU
	EndGlobalSection
	GlobalSection(ProjectConfigurationPlatforms) = postSolution
		{FE84E563-068F-4674-BA8B-E13CA228A9CD}.Debug|Any CPU.ActiveCfg = Debug|Any CPU
		{FE84E563-068F-4674-BA8B-E13CA228A9CD}.Debug|Any CPU.Build.0 = Debug|Any CPU
		{FE84E563-068F-4674-BA8B-E13CA228A9CD}.Release|Any CPU.ActiveCfg = Release|Any CPU
		{FE84E563-068F-4674-BA8B-E13CA228A9CD}.Release|Any CPU.Build.0 = Release|Any CPU
	EndGlobalSection
	GlobalSection(SolutionProperties) = preSolution
		HideSolutionNode = FALSE
	EndGlobalSection
	GlobalSection(ExtensibilityGlobals) = postSolution
		SolutionGuid = {D59045E4-A18E-4D8C-83C0-19B62F5B2099}
	EndGlobalSection
EndGlobal
